// !$*UTF8*$!
{
	archiveVersion = 1;
	classes = {
	};
	objectVersion = 46;
	objects = {

/* Begin PBXBuildFile section */
		02E742801A8A05410094E1AC /* AppDelegate.swift in Sources */ = {isa = PBXBuildFile; fileRef = 02E7427F1A8A05410094E1AC /* AppDelegate.swift */; };
		02E742821A8A05410094E1AC /* ViewController.swift in Sources */ = {isa = PBXBuildFile; fileRef = 02E742811A8A05410094E1AC /* ViewController.swift */; };
		02E742851A8A05410094E1AC /* Main.storyboard in Resources */ = {isa = PBXBuildFile; fileRef = 02E742831A8A05410094E1AC /* Main.storyboard */; };
		02E742871A8A05410094E1AC /* Images.xcassets in Resources */ = {isa = PBXBuildFile; fileRef = 02E742861A8A05410094E1AC /* Images.xcassets */; };
		02E7428A1A8A05410094E1AC /* LaunchScreen.xib in Resources */ = {isa = PBXBuildFile; fileRef = 02E742881A8A05410094E1AC /* LaunchScreen.xib */; };
		02E742961A8A05410094E1AC /* FlickrAPITests.swift in Sources */ = {isa = PBXBuildFile; fileRef = 02E742951A8A05410094E1AC /* FlickrAPITests.swift */; };
		02E742A01A8A05750094E1AC /* FlickrHelper.swift in Sources */ = {isa = PBXBuildFile; fileRef = 02E7429F1A8A05750094E1AC /* FlickrHelper.swift */; };
		02E742A21A8A0DA80094E1AC /* FlickrPhoto.swift in Sources */ = {isa = PBXBuildFile; fileRef = 02E742A11A8A0DA80094E1AC /* FlickrPhoto.swift */; };
/* End PBXBuildFile section */

/* Begin PBXContainerItemProxy section */
		02E742901A8A05410094E1AC /* PBXContainerItemProxy */ = {
			isa = PBXContainerItemProxy;
			containerPortal = 02E742721A8A05400094E1AC /* Project object */;
			proxyType = 1;
			remoteGlobalIDString = 02E742791A8A05410094E1AC;
			remoteInfo = FlickrAPI;
		};
/* End PBXContainerItemProxy section */

/* Begin PBXFileReference section */
		02E7427A1A8A05410094E1AC /* FlickrAPI.app */ = {isa = PBXFileReference; explicitFileType = wrapper.application; includeInIndex = 0; path = FlickrAPI.app; sourceTree = BUILT_PRODUCTS_DIR; };
		02E7427E1A8A05410094E1AC /* Info.plist */ = {isa = PBXFileReference; lastKnownFileType = text.plist.xml; path = Info.plist; sourceTree = "<group>"; };
		02E7427F1A8A05410094E1AC /* AppDelegate.swift */ = {isa = PBXFileReference; lastKnownFileType = sourcecode.swift; path = AppDelegate.swift; sourceTree = "<group>"; };
		02E742811A8A05410094E1AC /* ViewController.swift */ = {isa = PBXFileReference; lastKnownFileType = sourcecode.swift; path = ViewController.swift; sourceTree = "<group>"; };
		02E742841A8A05410094E1AC /* Base */ = {isa = PBXFileReference; lastKnownFileType = file.storyboard; name = Base; path = Base.lproj/Main.storyboard; sourceTree = "<group>"; };
		02E742861A8A05410094E1AC /* Images.xcassets */ = {isa = PBXFileReference; lastKnownFileType = folder.assetcatalog; path = Images.xcassets; sourceTree = "<group>"; };
		02E742891A8A05410094E1AC /* Base */ = {isa = PBXFileReference; lastKnownFileType = file.xib; name = Base; path = Base.lproj/LaunchScreen.xib; sourceTree = "<group>"; };
		02E7428F1A8A05410094E1AC /* FlickrAPITests.xctest */ = {isa = PBXFileReference; explicitFileType = wrapper.cfbundle; includeInIndex = 0; path = FlickrAPITests.xctest; sourceTree = BUILT_PRODUCTS_DIR; };
		02E742941A8A05410094E1AC /* Info.plist */ = {isa = PBXFileReference; lastKnownFileType = text.plist.xml; path = Info.plist; sourceTree = "<group>"; };
		02E742951A8A05410094E1AC /* FlickrAPITests.swift */ = {isa = PBXFileReference; lastKnownFileType = sourcecode.swift; path = FlickrAPITests.swift; sourceTree = "<group>"; };
		02E7429F1A8A05750094E1AC /* FlickrHelper.swift */ = {isa = PBXFileReference; fileEncoding = 4; lastKnownFileType = sourcecode.swift; path = FlickrHelper.swift; sourceTree = "<group>"; };
		02E742A11A8A0DA80094E1AC /* FlickrPhoto.swift */ = {isa = PBXFileReference; fileEncoding = 4; lastKnownFileType = sourcecode.swift; path = FlickrPhoto.swift; sourceTree = "<group>"; };
		02E742A31A8A121E0094E1AC /* MyPlayground.playground */ = {isa = PBXFileReference; lastKnownFileType = file.playground; path = MyPlayground.playground; sourceTree = "<group>"; };
/* End PBXFileReference section */

/* Begin PBXFrameworksBuildPhase section */
		02E742771A8A05410094E1AC /* Frameworks */ = {
			isa = PBXFrameworksBuildPhase;
			buildActionMask = 2147483647;
			files = (
			);
			runOnlyForDeploymentPostprocessing = 0;
		};
		02E7428C1A8A05410094E1AC /* Frameworks */ = {
			isa = PBXFrameworksBuildPhase;
			buildActionMask = 2147483647;
			files = (
			);
			runOnlyForDeploymentPostprocessing = 0;
		};
/* End PBXFrameworksBuildPhase section */

/* Begin PBXGroup section */
		02E742711A8A05400094E1AC = {
			isa = PBXGroup;
			children = (
				02E7427C1A8A05410094E1AC /* FlickrAPI */,
				02E742921A8A05410094E1AC /* FlickrAPITests */,
				02E7427B1A8A05410094E1AC /* Products */,
			);
			sourceTree = "<group>";
		};
		02E7427B1A8A05410094E1AC /* Products */ = {
			isa = PBXGroup;
			children = (
				02E7427A1A8A05410094E1AC /* FlickrAPI.app */,
				02E7428F1A8A05410094E1AC /* FlickrAPITests.xctest */,
			);
			name = Products;
			sourceTree = "<group>";
		};
		02E7427C1A8A05410094E1AC /* FlickrAPI */ = {
			isa = PBXGroup;
			children = (
				02E7427F1A8A05410094E1AC /* AppDelegate.swift */,
				02E742811A8A05410094E1AC /* ViewController.swift */,
				02E7429F1A8A05750094E1AC /* FlickrHelper.swift */,
				02E742A31A8A121E0094E1AC /* MyPlayground.playground */,
				02E742A11A8A0DA80094E1AC /* FlickrPhoto.swift */,
				02E742831A8A05410094E1AC /* Main.storyboard */,
				02E742861A8A05410094E1AC /* Images.xcassets */,
				02E742881A8A05410094E1AC /* LaunchScreen.xib */,
				02E7427D1A8A05410094E1AC /* Supporting Files */,
			);
			path = FlickrAPI;
			sourceTree = "<group>";
		};
		02E7427D1A8A05410094E1AC /* Supporting Files */ = {
			isa = PBXGroup;
			children = (
				02E7427E1A8A05410094E1AC /* Info.plist */,
			);
			name = "Supporting Files";
			sourceTree = "<group>";
		};
		02E742921A8A05410094E1AC /* FlickrAPITests */ = {
			isa = PBXGroup;
			children = (
				02E742951A8A05410094E1AC /* FlickrAPITests.swift */,
				02E742931A8A05410094E1AC /* Supporting Files */,
			);
			path = FlickrAPITests;
			sourceTree = "<group>";
		};
		02E742931A8A05410094E1AC /* Supporting Files */ = {
			isa = PBXGroup;
			children = (
				02E742941A8A05410094E1AC /* Info.plist */,
			);
			name = "Supporting Files";
			sourceTree = "<group>";
		};
/* End PBXGroup section */

/* Begin PBXNativeTarget section */
		02E742791A8A05410094E1AC /* FlickrAPI */ = {
			isa = PBXNativeTarget;
			buildConfigurationList = 02E742991A8A05410094E1AC /* Build configuration list for PBXNativeTarget "FlickrAPI" */;
			buildPhases = (
				02E742761A8A05410094E1AC /* Sources */,
				02E742771A8A05410094E1AC /* Frameworks */,
				02E742781A8A05410094E1AC /* Resources */,
			);
			buildRules = (
			);
			dependencies = (
			);
			name = FlickrAPI;
			productName = FlickrAPI;
			productReference = 02E7427A1A8A05410094E1AC /* FlickrAPI.app */;
			productType = "com.apple.product-type.application";
		};
		02E7428E1A8A05410094E1AC /* FlickrAPITests */ = {
			isa = PBXNativeTarget;
			buildConfigurationList = 02E7429C1A8A05410094E1AC /* Build configuration list for PBXNativeTarget "FlickrAPITests" */;
			buildPhases = (
				02E7428B1A8A05410094E1AC /* Sources */,
				02E7428C1A8A05410094E1AC /* Frameworks */,
				02E7428D1A8A05410094E1AC /* Resources */,
			);
			buildRules = (
			);
			dependencies = (
				02E742911A8A05410094E1AC /* PBXTargetDependency */,
			);
			name = FlickrAPITests;
			productName = FlickrAPITests;
			productReference = 02E7428F1A8A05410094E1AC /* FlickrAPITests.xctest */;
			productType = "com.apple.product-type.bundle.unit-test";
		};
/* End PBXNativeTarget section */

/* Begin PBXProject section */
		02E742721A8A05400094E1AC /* Project object */ = {
			isa = PBXProject;
			attributes = {
				LastUpgradeCheck = 0610;
				ORGANIZATIONNAME = "Maciej Krolikowski";
				TargetAttributes = {
					02E742791A8A05410094E1AC = {
						CreatedOnToolsVersion = 6.1.1;
					};
					02E7428E1A8A05410094E1AC = {
						CreatedOnToolsVersion = 6.1.1;
						TestTargetID = 02E742791A8A05410094E1AC;
					};
				};
			};
			buildConfigurationList = 02E742751A8A05400094E1AC /* Build configuration list for PBXProject "FlickrAPI" */;
			compatibilityVersion = "Xcode 3.2";
			developmentRegion = English;
			hasScannedForEncodings = 0;
			knownRegions = (
				en,
				Base,
			);
			mainGroup = 02E742711A8A05400094E1AC;
			productRefGroup = 02E7427B1A8A05410094E1AC /* Products */;
			projectDirPath = "";
			projectRoot = "";
			targets = (
				02E742791A8A05410094E1AC /* FlickrAPI */,
				02E7428E1A8A05410094E1AC /* FlickrAPITests */,
			);
		};
/* End PBXProject section */

/* Begin PBXResourcesBuildPhase section */
		02E742781A8A05410094E1AC /* Resources */ = {
			isa = PBXResourcesBuildPhase;
			buildActionMask = 2147483647;
			files = (
				02E742851A8A05410094E1AC /* Main.storyboard in Resources */,
				02E7428A1A8A05410094E1AC /* LaunchScreen.xib in Resources */,
				02E742871A8A05410094E1AC /* Images.xcassets in Resources */,
			);
			runOnlyForDeploymentPostprocessing = 0;
		};
		02E7428D1A8A05410094E1AC /* Resources */ = {
			isa = PBXResourcesBuildPhase;
			buildActionMask = 2147483647;
			files = (
			);
			runOnlyForDeploymentPostprocessing = 0;
		};
/* End PBXResourcesBuildPhase section */

/* Begin PBXSourcesBuildPhase section */
		02E742761A8A05410094E1AC /* Sources */ = {
			isa = PBXSourcesBuildPhase;
			buildActionMask = 2147483647;
			files = (
				02E742A01A8A05750094E1AC /* FlickrHelper.swift in Sources */,
				02E742A21A8A0DA80094E1AC /* FlickrPhoto.swift in Sources */,
				02E742821A8A05410094E1AC /* ViewController.swift in Sources */,
				02E742801A8A05410094E1AC /* AppDelegate.swift in Sources */,
			);
			runOnlyForDeploymentPostprocessing = 0;
		};
		02E7428B1A8A05410094E1AC /* Sources */ = {
			isa = PBXSourcesBuildPhase;
			buildActionMask = 2147483647;
			files = (
				02E742961A8A05410094E1AC /* FlickrAPITests.swift in Sources */,
			);
			runOnlyForDeploymentPostprocessing = 0;
		};
/* End PBXSourcesBuildPhase section */

/* Begin PBXTargetDependency section */
		02E742911A8A05410094E1AC /* PBXTargetDependency */ = {
			isa = PBXTargetDependency;
			target = 02E742791A8A05410094E1AC /* FlickrAPI */;
			targetProxy = 02E742901A8A05410094E1AC /* PBXContainerItemProxy */;
		};
/* End PBXTargetDependency section */

/* Begin PBXVariantGroup section */
		02E742831A8A05410094E1AC /* Main.storyboard */ = {
			isa = PBXVariantGroup;
			children = (
				02E742841A8A05410094E1AC /* Base */,
			);
			name = Main.storyboard;
			sourceTree = "<group>";
		};
		02E742881A8A05410094E1AC /* LaunchScreen.xib */ = {
			isa = PBXVariantGroup;
			children = (
				02E742891A8A05410094E1AC /* Base */,
			);
			name = LaunchScreen.xib;
			sourceTree = "<group>";
		};
/* End PBXVariantGroup section */

/* Begin XCBuildConfiguration section */
		02E742971A8A05410094E1AC /* Debug */ = {
			isa = XCBuildConfiguration;
			buildSettings = {
				ALWAYS_SEARCH_USER_PATHS = NO;
				CLANG_CXX_LANGUAGE_STANDARD = "gnu++0x";
				CLANG_CXX_LIBRARY = "libc++";
				CLANG_ENABLE_MODULES = YES;
				CLANG_ENABLE_OBJC_ARC = YES;
				CLANG_WARN_BOOL_CONVERSION = YES;
				CLANG_WARN_CONSTANT_CONVERSION = YES;
				CLANG_WARN_DIRECT_OBJC_ISA_USAGE = YES_ERROR;
				CLANG_WARN_EMPTY_BODY = YES;
				CLANG_WARN_ENUM_CONVERSION = YES;
				CLANG_WARN_INT_CONVERSION = YES;
				CLANG_WARN_OBJC_ROOT_CLASS = YES_ERROR;
				CLANG_WARN_UNREACHABLE_CODE = YES;
				CLANG_WARN__DUPLICATE_METHOD_MATCH = YES;
				"CODE_SIGN_IDENTITY[sdk=iphoneos*]" = "iPhone Developer";
				COPY_PHASE_STRIP = NO;
				ENABLE_STRICT_OBJC_MSGSEND = YES;
				GCC_C_LANGUAGE_STANDARD = gnu99;
				GCC_DYNAMIC_NO_PIC = NO;
				GCC_OPTIMIZATION_LEVEL = 0;
				GCC_PREPROCESSOR_DEFINITIONS = (
					"DEBUG=1",
					"$(inherited)",
				);
				GCC_SYMBOLS_PRIVATE_EXTERN = NO;
				GCC_WARN_64_TO_32_BIT_CONVERSION = YES;
				GCC_WARN_ABOUT_RETURN_TYPE = YES_ERROR;
				GCC_WARN_UNDECLARED_SELECTOR = YES;
				GCC_WARN_UNINITIALIZED_AUTOS = YES_AGGRESSIVE;
				GCC_WARN_UNUSED_FUNCTION = YES;
				GCC_WARN_UNUSED_VARIABLE = YES;
				IPHONEOS_DEPLOYMENT_TARGET = 8.1;
				MTL_ENABLE_DEBUG_INFO = YES;
				ONLY_ACTIVE_ARCH = YES;
				SDKROOT = iphoneos;
				SWIFT_OPTIMIZATION_LEVEL = "-Onone";
			};
			name = Debug;
		};
		02E742981A8A05410094E1AC /* Release */ = {
			isa = XCBuildConfiguration;
			buildSettings = {
				ALWAYS_SEARCH_USER_PATHS = NO;
				CLANG_CXX_LANGUAGE_STANDARD = "gnu++0x";
				CLANG_CXX_LIBRARY = "libc++";
				CLANG_ENABLE_MODULES = YES;
				CLANG_ENABLE_OBJC_ARC = YES;
				CLANG_WARN_BOOL_CONVERSION = YES;
				CLANG_WARN_CONSTANT_CONVERSION = YES;
				CLANG_WARN_DIRECT_OBJC_ISA_USAGE = YES_ERROR;
				CLANG_WARN_EMPTY_BODY = YES;
				CLANG_WARN_ENUM_CONVERSION = YES;
				CLANG_WARN_INT_CONVERSION = YES;
				CLANG_WARN_OBJC_ROOT_CLASS = YES_ERROR;
				CLANG_WARN_UNREACHABLE_CODE = YES;
				CLANG_WARN__DUPLICATE_METHOD_MATCH = YES;
				"CODE_SIGN_IDENTITY[sdk=iphoneos*]" = "iPhone Developer";
				COPY_PHASE_STRIP = YES;
				ENABLE_NS_ASSERTIONS = NO;
				ENABLE_STRICT_OBJC_MSGSEND = YES;
				GCC_C_LANGUAGE_STANDARD = gnu99;
				GCC_WARN_64_TO_32_BIT_CONVERSION = YES;
				GCC_WARN_ABOUT_RETURN_TYPE = YES_ERROR;
				GCC_WARN_UNDECLARED_SELECTOR = YES;
				GCC_WARN_UNINITIALIZED_AUTOS = YES_AGGRESSIVE;
				GCC_WARN_UNUSED_FUNCTION = YES;
				GCC_WARN_UNUSED_VARIABLE = YES;
				IPHONEOS_DEPLOYMENT_TARGET = 8.1;
				MTL_ENABLE_DEBUG_INFO = NO;
				SDKROOT = iphoneos;
				VALIDATE_PRODUCT = YES;
			};
			name = Release;
		};
		02E7429A1A8A05410094E1AC /* Debug */ = {
			isa = XCBuildConfiguration;
			buildSettings = {
				ASSETCATALOG_COMPILER_APPICON_NAME = AppIcon;
				INFOPLIST_FILE = FlickrAPI/Info.plist;
				LD_RUNPATH_SEARCH_PATHS = "$(inherited) @executable_path/Frameworks";
				PRODUCT_NAME = "$(TARGET_NAME)";
			};
			name = Debug;
		};
		02E7429B1A8A05410094E1AC /* Release */ = {
			isa = XCBuildConfiguration;
			buildSettings = {
				ASSETCATALOG_COMPILER_APPICON_NAME = AppIcon;
				INFOPLIST_FILE = FlickrAPI/Info.plist;
				LD_RUNPATH_SEARCH_PATHS = "$(inherited) @executable_path/Frameworks";
				PRODUCT_NAME = "$(TARGET_NAME)";
			};
			name = Release;
		};
		02E7429D1A8A05410094E1AC /* Debug */ = {
			isa = XCBuildConfiguration;
			buildSettings = {
				BUNDLE_LOADER = "$(TEST_HOST)";
				FRAMEWORK_SEARCH_PATHS = (
					"$(SDKROOT)/Developer/Library/Frameworks",
					"$(inherited)",
				);
				GCC_PREPROCESSOR_DEFINITIONS = (
					"DEBUG=1",
					"$(inherited)",
				);
				INFOPLIST_FILE = FlickrAPITests/Info.plist;
				LD_RUNPATH_SEARCH_PATHS = "$(inherited) @executable_path/Frameworks @loader_path/Frameworks";
				PRODUCT_NAME = "$(TARGET_NAME)";
				TEST_HOST = "$(BUILT_PRODUCTS_DIR)/FlickrAPI.app/FlickrAPI";
			};
			name = Debug;
		};
		02E7429E1A8A05410094E1AC /* Release */ = {
			isa = XCBuildConfiguration;
			buildSettings = {
				BUNDLE_LOADER = "$(TEST_HOST)";
				FRAMEWORK_SEARCH_PATHS = (
					"$(SDKROOT)/Developer/Library/Frameworks",
					"$(inherited)",
				);
				INFOPLIST_FILE = FlickrAPITests/Info.plist;
				LD_RUNPATH_SEARCH_PATHS = "$(inherited) @executable_path/Frameworks @loader_path/Frameworks";
				PRODUCT_NAME = "$(TARGET_NAME)";
				TEST_HOST = "$(BUILT_PRODUCTS_DIR)/FlickrAPI.app/FlickrAPI";
			};
			name = Release;
		};
/* End XCBuildConfiguration section */

/* Begin XCConfigurationList section */
		02E742751A8A05400094E1AC /* Build configuration list for PBXProject "FlickrAPI" */ = {
			isa = XCConfigurationList;
			buildConfigurations = (
				02E742971A8A05410094E1AC /* Debug */,
				02E742981A8A05410094E1AC /* Release */,
			);
			defaultConfigurationIsVisible = 0;
			defaultConfigurationName = Release;
		};
		02E742991A8A05410094E1AC /* Build configuration list for PBXNativeTarget "FlickrAPI" */ = {
			isa = XCConfigurationList;
			buildConfigurations = (
				02E7429A1A8A05410094E1AC /* Debug */,
				02E7429B1A8A05410094E1AC /* Release */,
			);
			defaultConfigurationIsVisible = 0;
		};
		02E7429C1A8A05410094E1AC /* Build configuration list for PBXNativeTarget "FlickrAPITests" */ = {
			isa = XCConfigurationList;
			buildConfigurations = (
				02E7429D1A8A05410094E1AC /* Debug */,
				02E7429E1A8A05410094E1AC /* Release */,
			);
			defaultConfigurationIsVisible = 0;
		};
/* End XCConfigurationList section */
	};
	rootObject = 02E742721A8A05400094E1AC /* Project object */;
}
